{
    "_meta": {
        "hash": {
            "sha256": "88f7ab34b2330439866e82a34ce04bde7f72b7cec083fe27cbbe2a7af8e495bc"
        },
        "pipfile-spec": 6,
        "requires": {
            "python_version": "3.7"
        },
        "sources": [
            {
                "name": "pypi",
                "url": "https://pypi.org/simple",
                "verify_ssl": true
            }
        ]
    },
    "default": {
        "fleep": {
            "hashes": [
                "sha256:c8f62b258ee5364d7f6c1ed1f3f278e99020fc3f0a60a24ad1e10846e31d104c"
            ],
            "index": "pypi",
            "version": "==1.0.1"
        }
    },
    "develop": {}
}
